{
  "name": "gatsby-plugin-mini-css-class-name",
  "version": "1.0.0",
  "lockfileVersion": 1,
  "requires": true,
  "dependencies": {
    "mini-css-class-name": {
      "version": "0.6.3",
      "resolved": "https://registry.npmjs.org/mini-css-class-name/-/mini-css-class-name-0.6.3.tgz",
      "integrity": "sha512-VEpuWbSDNQKuwS/MY9wOHG1VbatH5s9j012GDcSWcsofEiv/K0RJQ2Fd6Ds1vfFiJ6F/yQ6yCIqvlyJnbVjDBg=="
    }
  }
}
