{
  "name": "gatsby-plugin-mini-css-class-name",
  "version": "3.0.0",
  "lockfileVersion": 1,
  "requires": true,
  "dependencies": {
    "mini-css-class-name": {
      "version": "0.10.0",
      "resolved": "https://registry.npmjs.org/mini-css-class-name/-/mini-css-class-name-0.10.0.tgz",
      "integrity": "sha512-HtCFkzfL4eeXB4FrU/reSeRZSxkCaj+8LMABHJvp3EXSQvRHLsNm3T5sdTiNOGZqCUImiekqaxYorT2IVBa6iQ=="
    }
  }
}
